
Microsoft Visual Studio Solution File, Format Version 12.00
# Visual Studio Version 17
VisualStudioVersion = 17.3.32922.545
MinimumVisualStudioVersion = 10.0.40219.1
Project("{FAE04EC0-301F-11D3-BF4B-00C04F79EFBC}") = "Algoritm2", "Algoritm2\Algoritm2.csproj", "{A8196E23-1419-44C3-8945-16AE597C0EEB}"
EndProject
Global
	GlobalSection(SolutionConfigurationPlatforms) = preSolution
		Debug|Any CPU = Debug|Any CPU
		Release|Any CPU = Release|Any CPU
	EndGlobalSection
	GlobalSection(ProjectConfigurationPlatforms) = postSolution
		{A8196E23-1419-44C3-8945-16AE597C0EEB}.Debug|Any CPU.ActiveCfg = Debug|Any CPU
		{A8196E23-1419-44C3-8945-16AE597C0EEB}.Debug|Any CPU.Build.0 = Debug|Any CPU
		{A8196E23-1419-44C3-8945-16AE597C0EEB}.Release|Any CPU.ActiveCfg = Release|Any CPU
		{A8196E23-1419-44C3-8945-16AE597C0EEB}.Release|Any CPU.Build.0 = Release|Any CPU
	EndGlobalSection
	GlobalSection(SolutionProperties) = preSolution
		HideSolutionNode = FALSE
	EndGlobalSection
	GlobalSection(ExtensibilityGlobals) = postSolution
		SolutionGuid = {B785B45B-1AAB-466B-AED9-C25040C52EBB}
	EndGlobalSection
EndGlobal
